
Microsoft Visual Studio Solution File, Format Version 12.00
# Visual Studio Version 17
VisualStudioVersion = 17.5.33516.290
MinimumVisualStudioVersion = 10.0.40219.1
Project("{FAE04EC0-301F-11D3-BF4B-00C04F79EFBC}") = "2.1 - 2.10", "2.1 - 2.10\2.1 - 2.10.csproj", "{C92CDC9F-EDA5-47C6-8B56-F96A0B717FA5}"
EndProject
Global
	GlobalSection(SolutionConfigurationPlatforms) = preSolution
		Debug|Any CPU = Debug|Any CPU
		Release|Any CPU = Release|Any CPU
	EndGlobalSection
	GlobalSection(ProjectConfigurationPlatforms) = postSolution
		{C92CDC9F-EDA5-47C6-8B56-F96A0B717FA5}.Debug|Any CPU.ActiveCfg = Debug|Any CPU
		{C92CDC9F-EDA5-47C6-8B56-F96A0B717FA5}.Debug|Any CPU.Build.0 = Debug|Any CPU
		{C92CDC9F-EDA5-47C6-8B56-F96A0B717FA5}.Release|Any CPU.ActiveCfg = Release|Any CPU
		{C92CDC9F-EDA5-47C6-8B56-F96A0B717FA5}.Release|Any CPU.Build.0 = Release|Any CPU
	EndGlobalSection
	GlobalSection(SolutionProperties) = preSolution
		HideSolutionNode = FALSE
	EndGlobalSection
	GlobalSection(ExtensibilityGlobals) = postSolution
		SolutionGuid = {01C06F72-9282-4FF1-B2A3-8EB0C4539F3F}
	EndGlobalSection
EndGlobal
